
Microsoft Visual Studio Solution File, Format Version 12.00
# Visual Studio Version 17
VisualStudioVersion = 17.0.31903.59
MinimumVisualStudioVersion = 10.0.40219.1
Project("{2150E333-8FDC-42A3-9474-1A3956D46DE8}") = "Solution Items", "Solution Items", "{089100B1-113F-4E66-888A-E83F3999EAFD}"
	ProjectSection(SolutionItems) = preProject
		.gitignore = .gitignore
		.editorconfig = .editorconfig
	EndProjectSection
EndProject
Project("{2150E333-8FDC-42A3-9474-1A3956D46DE8}") = "Sources", "Sources", "{C16B2082-E6A6-C480-36D0-FC08AA18D453}"
EndProject
Project("{2150E333-8FDC-42A3-9474-1A3956D46DE8}") = "Cores", "Cores", "{46C3D6E5-FEBB-7AA4-2D03-E7367C58B34A}"
EndProject
Project("{FAE04EC0-301F-11D3-BF4B-00C04F79EFBC}") = "EtlSandbox.Domain", "Sources\Cores\EtlSandbox.Domain\EtlSandbox.Domain.csproj", "{94C2AEBA-C792-4EAC-8913-8407AE08BCB5}"
EndProject
Project("{FAE04EC0-301F-11D3-BF4B-00C04F79EFBC}") = "EtlSandbox.Application", "Sources\Cores\EtlSandbox.Application\EtlSandbox.Application.csproj", "{F9137421-76B0-425D-AD6A-CD4CD20ADE08}"
EndProject
Project("{2150E333-8FDC-42A3-9474-1A3956D46DE8}") = "Presentations", "Presentations", "{FA3BE599-D7F8-4D01-DDB1-9379859DC23F}"
EndProject
Project("{FAE04EC0-301F-11D3-BF4B-00C04F79EFBC}") = "EtlSandbox.Presentation", "Sources\Presentations\EtlSandbox.Presentation\EtlSandbox.Presentation.csproj", "{19E1D7D2-691C-4B01-A79D-5D5C73A18151}"
EndProject
Project("{2150E333-8FDC-42A3-9474-1A3956D46DE8}") = "Infrastructures", "Infrastructures", "{F5D40451-AE41-939C-F916-38EBA10B26C6}"
EndProject
Project("{FAE04EC0-301F-11D3-BF4B-00C04F79EFBC}") = "EtlSandbox.Infrastructure", "Sources\Infrastructures\EtlSandbox.Infrastructure\EtlSandbox.Infrastructure.csproj", "{B60153E0-B3E7-44B7-B055-F660C2BDA626}"
EndProject
Project("{2150E333-8FDC-42A3-9474-1A3956D46DE8}") = "Hosts", "Hosts", "{A8D67E31-4DA8-4C81-5CB5-320D3F2F2EAB}"
EndProject
Project("{FAE04EC0-301F-11D3-BF4B-00C04F79EFBC}") = "EtlSandbox.AlphaWorkerService", "Sources\Hosts\EtlSandbox.AlphaWorkerService\EtlSandbox.AlphaWorkerService.csproj", "{405CD566-086D-4159-9AD0-3ECAB5E90474}"
EndProject
Project("{FAE04EC0-301F-11D3-BF4B-00C04F79EFBC}") = "EtlSandbox.BetaWebApi", "Sources\Hosts\EtlSandbox.BetaWebApi\EtlSandbox.BetaWebApi.csproj", "{AEFF7EAB-60B2-4077-9847-0FE2561B9B04}"
EndProject
Project("{FAE04EC0-301F-11D3-BF4B-00C04F79EFBC}") = "EtlSandbox.BetaWorkerService", "Sources\Hosts\EtlSandbox.BetaWorkerService\EtlSandbox.BetaWorkerService.csproj", "{7C01B2A5-DFDF-41CB-8AD4-82C59C097860}"
EndProject
Project("{FAE04EC0-301F-11D3-BF4B-00C04F79EFBC}") = "EtlSandbox.GammaWorkerService", "Sources\Hosts\EtlSandbox.GammaWorkerService\EtlSandbox.GammaWorkerService.csproj", "{0886DB5E-67F8-4742-A5FD-0CBD3CEE0224}"
EndProject
Project("{FAE04EC0-301F-11D3-BF4B-00C04F79EFBC}") = "EtlSandbox.DeltaWebApi", "Sources\Hosts\EtlSandbox.DeltaWebApi\EtlSandbox.DeltaWebApi.csproj", "{71E191D4-71EE-4272-9361-0DD8C12F144E}"
EndProject
Project("{FAE04EC0-301F-11D3-BF4B-00C04F79EFBC}") = "EtlSandbox.DeltaWorkerService", "Sources\Hosts\EtlSandbox.DeltaWorkerService\EtlSandbox.DeltaWorkerService.csproj", "{C72EDBA4-A03D-4AA6-B5C8-45966A752C5B}"
EndProject
Project("{FAE04EC0-301F-11D3-BF4B-00C04F79EFBC}") = "EtlSandbox.Persistence.Jupiter", "Sources\Infrastructures\EtlSandbox.Persistence.Jupiter\EtlSandbox.Persistence.Jupiter.csproj", "{C1B0F3A9-B2D2-4D0C-897B-68E679B296C6}"
EndProject
Global
	GlobalSection(SolutionConfigurationPlatforms) = preSolution
		Debug|Any CPU = Debug|Any CPU
		Debug|x64 = Debug|x64
		Debug|x86 = Debug|x86
		Release|Any CPU = Release|Any CPU
		Release|x64 = Release|x64
		Release|x86 = Release|x86
	EndGlobalSection
	GlobalSection(ProjectConfigurationPlatforms) = postSolution
		{94C2AEBA-C792-4EAC-8913-8407AE08BCB5}.Debug|Any CPU.ActiveCfg = Debug|Any CPU
		{94C2AEBA-C792-4EAC-8913-8407AE08BCB5}.Debug|Any CPU.Build.0 = Debug|Any CPU
		{94C2AEBA-C792-4EAC-8913-8407AE08BCB5}.Debug|x64.ActiveCfg = Debug|Any CPU
		{94C2AEBA-C792-4EAC-8913-8407AE08BCB5}.Debug|x64.Build.0 = Debug|Any CPU
		{94C2AEBA-C792-4EAC-8913-8407AE08BCB5}.Debug|x86.ActiveCfg = Debug|Any CPU
		{94C2AEBA-C792-4EAC-8913-8407AE08BCB5}.Debug|x86.Build.0 = Debug|Any CPU
		{94C2AEBA-C792-4EAC-8913-8407AE08BCB5}.Release|Any CPU.ActiveCfg = Release|Any CPU
		{94C2AEBA-C792-4EAC-8913-8407AE08BCB5}.Release|Any CPU.Build.0 = Release|Any CPU
		{94C2AEBA-C792-4EAC-8913-8407AE08BCB5}.Release|x64.ActiveCfg = Release|Any CPU
		{94C2AEBA-C792-4EAC-8913-8407AE08BCB5}.Release|x64.Build.0 = Release|Any CPU
		{94C2AEBA-C792-4EAC-8913-8407AE08BCB5}.Release|x86.ActiveCfg = Release|Any CPU
		{94C2AEBA-C792-4EAC-8913-8407AE08BCB5}.Release|x86.Build.0 = Release|Any CPU
		{F9137421-76B0-425D-AD6A-CD4CD20ADE08}.Debug|Any CPU.ActiveCfg = Debug|Any CPU
		{F9137421-76B0-425D-AD6A-CD4CD20ADE08}.Debug|Any CPU.Build.0 = Debug|Any CPU
		{F9137421-76B0-425D-AD6A-CD4CD20ADE08}.Debug|x64.ActiveCfg = Debug|Any CPU
		{F9137421-76B0-425D-AD6A-CD4CD20ADE08}.Debug|x64.Build.0 = Debug|Any CPU
		{F9137421-76B0-425D-AD6A-CD4CD20ADE08}.Debug|x86.ActiveCfg = Debug|Any CPU
		{F9137421-76B0-425D-AD6A-CD4CD20ADE08}.Debug|x86.Build.0 = Debug|Any CPU
		{F9137421-76B0-425D-AD6A-CD4CD20ADE08}.Release|Any CPU.ActiveCfg = Release|Any CPU
		{F9137421-76B0-425D-AD6A-CD4CD20ADE08}.Release|Any CPU.Build.0 = Release|Any CPU
		{F9137421-76B0-425D-AD6A-CD4CD20ADE08}.Release|x64.ActiveCfg = Release|Any CPU
		{F9137421-76B0-425D-AD6A-CD4CD20ADE08}.Release|x64.Build.0 = Release|Any CPU
		{F9137421-76B0-425D-AD6A-CD4CD20ADE08}.Release|x86.ActiveCfg = Release|Any CPU
		{F9137421-76B0-425D-AD6A-CD4CD20ADE08}.Release|x86.Build.0 = Release|Any CPU
		{19E1D7D2-691C-4B01-A79D-5D5C73A18151}.Debug|Any CPU.ActiveCfg = Debug|Any CPU
		{19E1D7D2-691C-4B01-A79D-5D5C73A18151}.Debug|Any CPU.Build.0 = Debug|Any CPU
		{19E1D7D2-691C-4B01-A79D-5D5C73A18151}.Debug|x64.ActiveCfg = Debug|Any CPU
		{19E1D7D2-691C-4B01-A79D-5D5C73A18151}.Debug|x64.Build.0 = Debug|Any CPU
		{19E1D7D2-691C-4B01-A79D-5D5C73A18151}.Debug|x86.ActiveCfg = Debug|Any CPU
		{19E1D7D2-691C-4B01-A79D-5D5C73A18151}.Debug|x86.Build.0 = Debug|Any CPU
		{19E1D7D2-691C-4B01-A79D-5D5C73A18151}.Release|Any CPU.ActiveCfg = Release|Any CPU
		{19E1D7D2-691C-4B01-A79D-5D5C73A18151}.Release|Any CPU.Build.0 = Release|Any CPU
		{19E1D7D2-691C-4B01-A79D-5D5C73A18151}.Release|x64.ActiveCfg = Release|Any CPU
		{19E1D7D2-691C-4B01-A79D-5D5C73A18151}.Release|x64.Build.0 = Release|Any CPU
		{19E1D7D2-691C-4B01-A79D-5D5C73A18151}.Release|x86.ActiveCfg = Release|Any CPU
		{19E1D7D2-691C-4B01-A79D-5D5C73A18151}.Release|x86.Build.0 = Release|Any CPU
		{B60153E0-B3E7-44B7-B055-F660C2BDA626}.Debug|Any CPU.ActiveCfg = Debug|Any CPU
		{B60153E0-B3E7-44B7-B055-F660C2BDA626}.Debug|Any CPU.Build.0 = Debug|Any CPU
		{B60153E0-B3E7-44B7-B055-F660C2BDA626}.Debug|x64.ActiveCfg = Debug|Any CPU
		{B60153E0-B3E7-44B7-B055-F660C2BDA626}.Debug|x64.Build.0 = Debug|Any CPU
		{B60153E0-B3E7-44B7-B055-F660C2BDA626}.Debug|x86.ActiveCfg = Debug|Any CPU
		{B60153E0-B3E7-44B7-B055-F660C2BDA626}.Debug|x86.Build.0 = Debug|Any CPU
		{B60153E0-B3E7-44B7-B055-F660C2BDA626}.Release|Any CPU.ActiveCfg = Release|Any CPU
		{B60153E0-B3E7-44B7-B055-F660C2BDA626}.Release|Any CPU.Build.0 = Release|Any CPU
		{B60153E0-B3E7-44B7-B055-F660C2BDA626}.Release|x64.ActiveCfg = Release|Any CPU
		{B60153E0-B3E7-44B7-B055-F660C2BDA626}.Release|x64.Build.0 = Release|Any CPU
		{B60153E0-B3E7-44B7-B055-F660C2BDA626}.Release|x86.ActiveCfg = Release|Any CPU
		{B60153E0-B3E7-44B7-B055-F660C2BDA626}.Release|x86.Build.0 = Release|Any CPU
		{405CD566-086D-4159-9AD0-3ECAB5E90474}.Debug|Any CPU.ActiveCfg = Debug|Any CPU
		{405CD566-086D-4159-9AD0-3ECAB5E90474}.Debug|Any CPU.Build.0 = Debug|Any CPU
		{405CD566-086D-4159-9AD0-3ECAB5E90474}.Debug|x64.ActiveCfg = Debug|Any CPU
		{405CD566-086D-4159-9AD0-3ECAB5E90474}.Debug|x64.Build.0 = Debug|Any CPU
		{405CD566-086D-4159-9AD0-3ECAB5E90474}.Debug|x86.ActiveCfg = Debug|Any CPU
		{405CD566-086D-4159-9AD0-3ECAB5E90474}.Debug|x86.Build.0 = Debug|Any CPU
		{405CD566-086D-4159-9AD0-3ECAB5E90474}.Release|Any CPU.ActiveCfg = Release|Any CPU
		{405CD566-086D-4159-9AD0-3ECAB5E90474}.Release|Any CPU.Build.0 = Release|Any CPU
		{405CD566-086D-4159-9AD0-3ECAB5E90474}.Release|x64.ActiveCfg = Release|Any CPU
		{405CD566-086D-4159-9AD0-3ECAB5E90474}.Release|x64.Build.0 = Release|Any CPU
		{405CD566-086D-4159-9AD0-3ECAB5E90474}.Release|x86.ActiveCfg = Release|Any CPU
		{405CD566-086D-4159-9AD0-3ECAB5E90474}.Release|x86.Build.0 = Release|Any CPU
		{AEFF7EAB-60B2-4077-9847-0FE2561B9B04}.Debug|Any CPU.ActiveCfg = Debug|Any CPU
		{AEFF7EAB-60B2-4077-9847-0FE2561B9B04}.Debug|Any CPU.Build.0 = Debug|Any CPU
		{AEFF7EAB-60B2-4077-9847-0FE2561B9B04}.Debug|x64.ActiveCfg = Debug|Any CPU
		{AEFF7EAB-60B2-4077-9847-0FE2561B9B04}.Debug|x64.Build.0 = Debug|Any CPU
		{AEFF7EAB-60B2-4077-9847-0FE2561B9B04}.Debug|x86.ActiveCfg = Debug|Any CPU
		{AEFF7EAB-60B2-4077-9847-0FE2561B9B04}.Debug|x86.Build.0 = Debug|Any CPU
		{AEFF7EAB-60B2-4077-9847-0FE2561B9B04}.Release|Any CPU.ActiveCfg = Release|Any CPU
		{AEFF7EAB-60B2-4077-9847-0FE2561B9B04}.Release|Any CPU.Build.0 = Release|Any CPU
		{AEFF7EAB-60B2-4077-9847-0FE2561B9B04}.Release|x64.ActiveCfg = Release|Any CPU
		{AEFF7EAB-60B2-4077-9847-0FE2561B9B04}.Release|x64.Build.0 = Release|Any CPU
		{AEFF7EAB-60B2-4077-9847-0FE2561B9B04}.Release|x86.ActiveCfg = Release|Any CPU
		{AEFF7EAB-60B2-4077-9847-0FE2561B9B04}.Release|x86.Build.0 = Release|Any CPU
		{7C01B2A5-DFDF-41CB-8AD4-82C59C097860}.Debug|Any CPU.ActiveCfg = Debug|Any CPU
		{7C01B2A5-DFDF-41CB-8AD4-82C59C097860}.Debug|Any CPU.Build.0 = Debug|Any CPU
		{7C01B2A5-DFDF-41CB-8AD4-82C59C097860}.Debug|x64.ActiveCfg = Debug|Any CPU
		{7C01B2A5-DFDF-41CB-8AD4-82C59C097860}.Debug|x64.Build.0 = Debug|Any CPU
		{7C01B2A5-DFDF-41CB-8AD4-82C59C097860}.Debug|x86.ActiveCfg = Debug|Any CPU
		{7C01B2A5-DFDF-41CB-8AD4-82C59C097860}.Debug|x86.Build.0 = Debug|Any CPU
		{7C01B2A5-DFDF-41CB-8AD4-82C59C097860}.Release|Any CPU.ActiveCfg = Release|Any CPU
		{7C01B2A5-DFDF-41CB-8AD4-82C59C097860}.Release|Any CPU.Build.0 = Release|Any CPU
		{7C01B2A5-DFDF-41CB-8AD4-82C59C097860}.Release|x64.ActiveCfg = Release|Any CPU
		{7C01B2A5-DFDF-41CB-8AD4-82C59C097860}.Release|x64.Build.0 = Release|Any CPU
		{7C01B2A5-DFDF-41CB-8AD4-82C59C097860}.Release|x86.ActiveCfg = Release|Any CPU
		{7C01B2A5-DFDF-41CB-8AD4-82C59C097860}.Release|x86.Build.0 = Release|Any CPU
		{0886DB5E-67F8-4742-A5FD-0CBD3CEE0224}.Debug|Any CPU.ActiveCfg = Debug|Any CPU
		{0886DB5E-67F8-4742-A5FD-0CBD3CEE0224}.Debug|Any CPU.Build.0 = Debug|Any CPU
		{0886DB5E-67F8-4742-A5FD-0CBD3CEE0224}.Debug|x64.ActiveCfg = Debug|Any CPU
		{0886DB5E-67F8-4742-A5FD-0CBD3CEE0224}.Debug|x64.Build.0 = Debug|Any CPU
		{0886DB5E-67F8-4742-A5FD-0CBD3CEE0224}.Debug|x86.ActiveCfg = Debug|Any CPU
		{0886DB5E-67F8-4742-A5FD-0CBD3CEE0224}.Debug|x86.Build.0 = Debug|Any CPU
		{0886DB5E-67F8-4742-A5FD-0CBD3CEE0224}.Release|Any CPU.ActiveCfg = Release|Any CPU
		{0886DB5E-67F8-4742-A5FD-0CBD3CEE0224}.Release|Any CPU.Build.0 = Release|Any CPU
		{0886DB5E-67F8-4742-A5FD-0CBD3CEE0224}.Release|x64.ActiveCfg = Release|Any CPU
		{0886DB5E-67F8-4742-A5FD-0CBD3CEE0224}.Release|x64.Build.0 = Release|Any CPU
		{0886DB5E-67F8-4742-A5FD-0CBD3CEE0224}.Release|x86.ActiveCfg = Release|Any CPU
		{0886DB5E-67F8-4742-A5FD-0CBD3CEE0224}.Release|x86.Build.0 = Release|Any CPU
		{71E191D4-71EE-4272-9361-0DD8C12F144E}.Debug|Any CPU.ActiveCfg = Debug|Any CPU
		{71E191D4-71EE-4272-9361-0DD8C12F144E}.Debug|Any CPU.Build.0 = Debug|Any CPU
		{71E191D4-71EE-4272-9361-0DD8C12F144E}.Debug|x64.ActiveCfg = Debug|Any CPU
		{71E191D4-71EE-4272-9361-0DD8C12F144E}.Debug|x64.Build.0 = Debug|Any CPU
		{71E191D4-71EE-4272-9361-0DD8C12F144E}.Debug|x86.ActiveCfg = Debug|Any CPU
		{71E191D4-71EE-4272-9361-0DD8C12F144E}.Debug|x86.Build.0 = Debug|Any CPU
		{71E191D4-71EE-4272-9361-0DD8C12F144E}.Release|Any CPU.ActiveCfg = Release|Any CPU
		{71E191D4-71EE-4272-9361-0DD8C12F144E}.Release|Any CPU.Build.0 = Release|Any CPU
		{71E191D4-71EE-4272-9361-0DD8C12F144E}.Release|x64.ActiveCfg = Release|Any CPU
		{71E191D4-71EE-4272-9361-0DD8C12F144E}.Release|x64.Build.0 = Release|Any CPU
		{71E191D4-71EE-4272-9361-0DD8C12F144E}.Release|x86.ActiveCfg = Release|Any CPU
		{71E191D4-71EE-4272-9361-0DD8C12F144E}.Release|x86.Build.0 = Release|Any CPU
		{C72EDBA4-A03D-4AA6-B5C8-45966A752C5B}.Debug|Any CPU.ActiveCfg = Debug|Any CPU
		{C72EDBA4-A03D-4AA6-B5C8-45966A752C5B}.Debug|Any CPU.Build.0 = Debug|Any CPU
		{C72EDBA4-A03D-4AA6-B5C8-45966A752C5B}.Debug|x64.ActiveCfg = Debug|Any CPU
		{C72EDBA4-A03D-4AA6-B5C8-45966A752C5B}.Debug|x64.Build.0 = Debug|Any CPU
		{C72EDBA4-A03D-4AA6-B5C8-45966A752C5B}.Debug|x86.ActiveCfg = Debug|Any CPU
		{C72EDBA4-A03D-4AA6-B5C8-45966A752C5B}.Debug|x86.Build.0 = Debug|Any CPU
		{C72EDBA4-A03D-4AA6-B5C8-45966A752C5B}.Release|Any CPU.ActiveCfg = Release|Any CPU
		{C72EDBA4-A03D-4AA6-B5C8-45966A752C5B}.Release|Any CPU.Build.0 = Release|Any CPU
		{C72EDBA4-A03D-4AA6-B5C8-45966A752C5B}.Release|x64.ActiveCfg = Release|Any CPU
		{C72EDBA4-A03D-4AA6-B5C8-45966A752C5B}.Release|x64.Build.0 = Release|Any CPU
		{C72EDBA4-A03D-4AA6-B5C8-45966A752C5B}.Release|x86.ActiveCfg = Release|Any CPU
		{C72EDBA4-A03D-4AA6-B5C8-45966A752C5B}.Release|x86.Build.0 = Release|Any CPU
		{C1B0F3A9-B2D2-4D0C-897B-68E679B296C6}.Debug|Any CPU.ActiveCfg = Debug|Any CPU
		{C1B0F3A9-B2D2-4D0C-897B-68E679B296C6}.Debug|Any CPU.Build.0 = Debug|Any CPU
		{C1B0F3A9-B2D2-4D0C-897B-68E679B296C6}.Debug|x64.ActiveCfg = Debug|Any CPU
		{C1B0F3A9-B2D2-4D0C-897B-68E679B296C6}.Debug|x64.Build.0 = Debug|Any CPU
		{C1B0F3A9-B2D2-4D0C-897B-68E679B296C6}.Debug|x86.ActiveCfg = Debug|Any CPU
		{C1B0F3A9-B2D2-4D0C-897B-68E679B296C6}.Debug|x86.Build.0 = Debug|Any CPU
		{C1B0F3A9-B2D2-4D0C-897B-68E679B296C6}.Release|Any CPU.ActiveCfg = Release|Any CPU
		{C1B0F3A9-B2D2-4D0C-897B-68E679B296C6}.Release|Any CPU.Build.0 = Release|Any CPU
		{C1B0F3A9-B2D2-4D0C-897B-68E679B296C6}.Release|x64.ActiveCfg = Release|Any CPU
		{C1B0F3A9-B2D2-4D0C-897B-68E679B296C6}.Release|x64.Build.0 = Release|Any CPU
		{C1B0F3A9-B2D2-4D0C-897B-68E679B296C6}.Release|x86.ActiveCfg = Release|Any CPU
		{C1B0F3A9-B2D2-4D0C-897B-68E679B296C6}.Release|x86.Build.0 = Release|Any CPU
	EndGlobalSection
	GlobalSection(SolutionProperties) = preSolution
		HideSolutionNode = FALSE
	EndGlobalSection
	GlobalSection(NestedProjects) = preSolution
		{46C3D6E5-FEBB-7AA4-2D03-E7367C58B34A} = {C16B2082-E6A6-C480-36D0-FC08AA18D453}
		{94C2AEBA-C792-4EAC-8913-8407AE08BCB5} = {46C3D6E5-FEBB-7AA4-2D03-E7367C58B34A}
		{F9137421-76B0-425D-AD6A-CD4CD20ADE08} = {46C3D6E5-FEBB-7AA4-2D03-E7367C58B34A}
		{FA3BE599-D7F8-4D01-DDB1-9379859DC23F} = {C16B2082-E6A6-C480-36D0-FC08AA18D453}
		{19E1D7D2-691C-4B01-A79D-5D5C73A18151} = {FA3BE599-D7F8-4D01-DDB1-9379859DC23F}
		{F5D40451-AE41-939C-F916-38EBA10B26C6} = {C16B2082-E6A6-C480-36D0-FC08AA18D453}
		{B60153E0-B3E7-44B7-B055-F660C2BDA626} = {F5D40451-AE41-939C-F916-38EBA10B26C6}
		{A8D67E31-4DA8-4C81-5CB5-320D3F2F2EAB} = {C16B2082-E6A6-C480-36D0-FC08AA18D453}
		{405CD566-086D-4159-9AD0-3ECAB5E90474} = {A8D67E31-4DA8-4C81-5CB5-320D3F2F2EAB}
		{AEFF7EAB-60B2-4077-9847-0FE2561B9B04} = {A8D67E31-4DA8-4C81-5CB5-320D3F2F2EAB}
		{7C01B2A5-DFDF-41CB-8AD4-82C59C097860} = {A8D67E31-4DA8-4C81-5CB5-320D3F2F2EAB}
		{0886DB5E-67F8-4742-A5FD-0CBD3CEE0224} = {A8D67E31-4DA8-4C81-5CB5-320D3F2F2EAB}
		{71E191D4-71EE-4272-9361-0DD8C12F144E} = {A8D67E31-4DA8-4C81-5CB5-320D3F2F2EAB}
		{C72EDBA4-A03D-4AA6-B5C8-45966A752C5B} = {A8D67E31-4DA8-4C81-5CB5-320D3F2F2EAB}
		{C1B0F3A9-B2D2-4D0C-897B-68E679B296C6} = {F5D40451-AE41-939C-F916-38EBA10B26C6}
	EndGlobalSection
EndGlobal
