
Microsoft Visual Studio Solution File, Format Version 12.00
# Visual Studio Version 17
VisualStudioVersion = 17.0.31903.59
MinimumVisualStudioVersion = 10.0.40219.1
Project("{2150E333-8FDC-42A3-9474-1A3956D46DE8}") = "Solution Items", "Solution Items", "{089100B1-113F-4E66-888A-E83F3999EAFD}"
	ProjectSection(SolutionItems) = preProject
		.gitignore = .gitignore
		.editorconfig = .editorconfig
		docker-compose.yml = docker-compose.yml
	EndProjectSection
EndProject
Project("{2150E333-8FDC-42A3-9474-1A3956D46DE8}") = "Sources", "Sources", "{C16B2082-E6A6-C480-36D0-FC08AA18D453}"
EndProject
Project("{FAE04EC0-301F-11D3-BF4B-00C04F79EFBC}") = "EtlSandbox.Domain", "Sources\EtlSandbox.Domain\EtlSandbox.Domain.csproj", "{BC255A87-A78E-48DF-964E-228163E5BB43}"
EndProject
Project("{FAE04EC0-301F-11D3-BF4B-00C04F79EFBC}") = "EtlSandbox.Infrastructure", "Sources\EtlSandbox.Infrastructure\EtlSandbox.Infrastructure.csproj", "{526C9A97-A399-428D-A99F-75E9677C3B8B}"
EndProject
Project("{FAE04EC0-301F-11D3-BF4B-00C04F79EFBC}") = "EtlSandbox.Application", "Sources\EtlSandbox.Application\EtlSandbox.Application.csproj", "{9EDDEBCB-DA39-4D78-AE3B-8F781F9607E0}"
EndProject
Project("{FAE04EC0-301F-11D3-BF4B-00C04F79EFBC}") = "EtlSandbox.Shared", "Sources\EtlSandbox.Shared\EtlSandbox.Shared.csproj", "{2ABFD99F-61B4-4B69-9DFB-D84847C823EE}"
EndProject
Project("{FAE04EC0-301F-11D3-BF4B-00C04F79EFBC}") = "EtlSandbox.Presentation", "Sources\EtlSandbox.Presentation\EtlSandbox.Presentation.csproj", "{5E30FA1D-E017-4D26-8530-B7A5040E7A29}"
EndProject
Project("{2150E333-8FDC-42A3-9474-1A3956D46DE8}") = "Applications", "Applications", "{A10A91C2-6485-6656-963B-F6FCBC812542}"
EndProject
Project("{FAE04EC0-301F-11D3-BF4B-00C04F79EFBC}") = "EtlSandbox.AlphaWorker", "Applications\EtlSandbox.AlphaWorker\EtlSandbox.AlphaWorker.csproj", "{26F47E74-DB28-45E9-B6C2-793A2152F80F}"
EndProject
Project("{FAE04EC0-301F-11D3-BF4B-00C04F79EFBC}") = "EtlSandbox.BetaWorker", "Applications\EtlSandbox.BetaWorker\EtlSandbox.BetaWorker.csproj", "{B8FC8758-B87F-463F-9C8F-5703BAD9EC62}"
EndProject
Project("{FAE04EC0-301F-11D3-BF4B-00C04F79EFBC}") = "EtlSandbox.WebApi", "Applications\EtlSandbox.WebApi\EtlSandbox.WebApi.csproj", "{7AD7A654-1BD3-4D44-A890-77BBF2E70FE2}"
EndProject
Project("{FAE04EC0-301F-11D3-BF4B-00C04F79EFBC}") = "EtlSandbox.GammaWorker", "Applications\EtlSandbox.GammaWorker\EtlSandbox.GammaWorker.csproj", "{DCBE0FFB-C45B-41CD-8387-8109C5707E4C}"
EndProject
Global
	GlobalSection(SolutionConfigurationPlatforms) = preSolution
		Debug|Any CPU = Debug|Any CPU
		Debug|x64 = Debug|x64
		Debug|x86 = Debug|x86
		Release|Any CPU = Release|Any CPU
		Release|x64 = Release|x64
		Release|x86 = Release|x86
	EndGlobalSection
	GlobalSection(ProjectConfigurationPlatforms) = postSolution
		{BC255A87-A78E-48DF-964E-228163E5BB43}.Debug|Any CPU.ActiveCfg = Debug|Any CPU
		{BC255A87-A78E-48DF-964E-228163E5BB43}.Debug|Any CPU.Build.0 = Debug|Any CPU
		{BC255A87-A78E-48DF-964E-228163E5BB43}.Debug|x64.ActiveCfg = Debug|Any CPU
		{BC255A87-A78E-48DF-964E-228163E5BB43}.Debug|x64.Build.0 = Debug|Any CPU
		{BC255A87-A78E-48DF-964E-228163E5BB43}.Debug|x86.ActiveCfg = Debug|Any CPU
		{BC255A87-A78E-48DF-964E-228163E5BB43}.Debug|x86.Build.0 = Debug|Any CPU
		{BC255A87-A78E-48DF-964E-228163E5BB43}.Release|Any CPU.ActiveCfg = Release|Any CPU
		{BC255A87-A78E-48DF-964E-228163E5BB43}.Release|Any CPU.Build.0 = Release|Any CPU
		{BC255A87-A78E-48DF-964E-228163E5BB43}.Release|x64.ActiveCfg = Release|Any CPU
		{BC255A87-A78E-48DF-964E-228163E5BB43}.Release|x64.Build.0 = Release|Any CPU
		{BC255A87-A78E-48DF-964E-228163E5BB43}.Release|x86.ActiveCfg = Release|Any CPU
		{BC255A87-A78E-48DF-964E-228163E5BB43}.Release|x86.Build.0 = Release|Any CPU
		{526C9A97-A399-428D-A99F-75E9677C3B8B}.Debug|Any CPU.ActiveCfg = Debug|Any CPU
		{526C9A97-A399-428D-A99F-75E9677C3B8B}.Debug|Any CPU.Build.0 = Debug|Any CPU
		{526C9A97-A399-428D-A99F-75E9677C3B8B}.Debug|x64.ActiveCfg = Debug|Any CPU
		{526C9A97-A399-428D-A99F-75E9677C3B8B}.Debug|x64.Build.0 = Debug|Any CPU
		{526C9A97-A399-428D-A99F-75E9677C3B8B}.Debug|x86.ActiveCfg = Debug|Any CPU
		{526C9A97-A399-428D-A99F-75E9677C3B8B}.Debug|x86.Build.0 = Debug|Any CPU
		{526C9A97-A399-428D-A99F-75E9677C3B8B}.Release|Any CPU.ActiveCfg = Release|Any CPU
		{526C9A97-A399-428D-A99F-75E9677C3B8B}.Release|Any CPU.Build.0 = Release|Any CPU
		{526C9A97-A399-428D-A99F-75E9677C3B8B}.Release|x64.ActiveCfg = Release|Any CPU
		{526C9A97-A399-428D-A99F-75E9677C3B8B}.Release|x64.Build.0 = Release|Any CPU
		{526C9A97-A399-428D-A99F-75E9677C3B8B}.Release|x86.ActiveCfg = Release|Any CPU
		{526C9A97-A399-428D-A99F-75E9677C3B8B}.Release|x86.Build.0 = Release|Any CPU
		{9EDDEBCB-DA39-4D78-AE3B-8F781F9607E0}.Debug|Any CPU.ActiveCfg = Debug|Any CPU
		{9EDDEBCB-DA39-4D78-AE3B-8F781F9607E0}.Debug|Any CPU.Build.0 = Debug|Any CPU
		{9EDDEBCB-DA39-4D78-AE3B-8F781F9607E0}.Debug|x64.ActiveCfg = Debug|Any CPU
		{9EDDEBCB-DA39-4D78-AE3B-8F781F9607E0}.Debug|x64.Build.0 = Debug|Any CPU
		{9EDDEBCB-DA39-4D78-AE3B-8F781F9607E0}.Debug|x86.ActiveCfg = Debug|Any CPU
		{9EDDEBCB-DA39-4D78-AE3B-8F781F9607E0}.Debug|x86.Build.0 = Debug|Any CPU
		{9EDDEBCB-DA39-4D78-AE3B-8F781F9607E0}.Release|Any CPU.ActiveCfg = Release|Any CPU
		{9EDDEBCB-DA39-4D78-AE3B-8F781F9607E0}.Release|Any CPU.Build.0 = Release|Any CPU
		{9EDDEBCB-DA39-4D78-AE3B-8F781F9607E0}.Release|x64.ActiveCfg = Release|Any CPU
		{9EDDEBCB-DA39-4D78-AE3B-8F781F9607E0}.Release|x64.Build.0 = Release|Any CPU
		{9EDDEBCB-DA39-4D78-AE3B-8F781F9607E0}.Release|x86.ActiveCfg = Release|Any CPU
		{9EDDEBCB-DA39-4D78-AE3B-8F781F9607E0}.Release|x86.Build.0 = Release|Any CPU
		{2ABFD99F-61B4-4B69-9DFB-D84847C823EE}.Debug|Any CPU.ActiveCfg = Debug|Any CPU
		{2ABFD99F-61B4-4B69-9DFB-D84847C823EE}.Debug|Any CPU.Build.0 = Debug|Any CPU
		{2ABFD99F-61B4-4B69-9DFB-D84847C823EE}.Debug|x64.ActiveCfg = Debug|Any CPU
		{2ABFD99F-61B4-4B69-9DFB-D84847C823EE}.Debug|x64.Build.0 = Debug|Any CPU
		{2ABFD99F-61B4-4B69-9DFB-D84847C823EE}.Debug|x86.ActiveCfg = Debug|Any CPU
		{2ABFD99F-61B4-4B69-9DFB-D84847C823EE}.Debug|x86.Build.0 = Debug|Any CPU
		{2ABFD99F-61B4-4B69-9DFB-D84847C823EE}.Release|Any CPU.ActiveCfg = Release|Any CPU
		{2ABFD99F-61B4-4B69-9DFB-D84847C823EE}.Release|Any CPU.Build.0 = Release|Any CPU
		{2ABFD99F-61B4-4B69-9DFB-D84847C823EE}.Release|x64.ActiveCfg = Release|Any CPU
		{2ABFD99F-61B4-4B69-9DFB-D84847C823EE}.Release|x64.Build.0 = Release|Any CPU
		{2ABFD99F-61B4-4B69-9DFB-D84847C823EE}.Release|x86.ActiveCfg = Release|Any CPU
		{2ABFD99F-61B4-4B69-9DFB-D84847C823EE}.Release|x86.Build.0 = Release|Any CPU
		{5E30FA1D-E017-4D26-8530-B7A5040E7A29}.Debug|Any CPU.ActiveCfg = Debug|Any CPU
		{5E30FA1D-E017-4D26-8530-B7A5040E7A29}.Debug|Any CPU.Build.0 = Debug|Any CPU
		{5E30FA1D-E017-4D26-8530-B7A5040E7A29}.Debug|x64.ActiveCfg = Debug|Any CPU
		{5E30FA1D-E017-4D26-8530-B7A5040E7A29}.Debug|x64.Build.0 = Debug|Any CPU
		{5E30FA1D-E017-4D26-8530-B7A5040E7A29}.Debug|x86.ActiveCfg = Debug|Any CPU
		{5E30FA1D-E017-4D26-8530-B7A5040E7A29}.Debug|x86.Build.0 = Debug|Any CPU
		{5E30FA1D-E017-4D26-8530-B7A5040E7A29}.Release|Any CPU.ActiveCfg = Release|Any CPU
		{5E30FA1D-E017-4D26-8530-B7A5040E7A29}.Release|Any CPU.Build.0 = Release|Any CPU
		{5E30FA1D-E017-4D26-8530-B7A5040E7A29}.Release|x64.ActiveCfg = Release|Any CPU
		{5E30FA1D-E017-4D26-8530-B7A5040E7A29}.Release|x64.Build.0 = Release|Any CPU
		{5E30FA1D-E017-4D26-8530-B7A5040E7A29}.Release|x86.ActiveCfg = Release|Any CPU
		{5E30FA1D-E017-4D26-8530-B7A5040E7A29}.Release|x86.Build.0 = Release|Any CPU
		{26F47E74-DB28-45E9-B6C2-793A2152F80F}.Debug|Any CPU.ActiveCfg = Debug|Any CPU
		{26F47E74-DB28-45E9-B6C2-793A2152F80F}.Debug|Any CPU.Build.0 = Debug|Any CPU
		{26F47E74-DB28-45E9-B6C2-793A2152F80F}.Debug|x64.ActiveCfg = Debug|Any CPU
		{26F47E74-DB28-45E9-B6C2-793A2152F80F}.Debug|x64.Build.0 = Debug|Any CPU
		{26F47E74-DB28-45E9-B6C2-793A2152F80F}.Debug|x86.ActiveCfg = Debug|Any CPU
		{26F47E74-DB28-45E9-B6C2-793A2152F80F}.Debug|x86.Build.0 = Debug|Any CPU
		{26F47E74-DB28-45E9-B6C2-793A2152F80F}.Release|Any CPU.ActiveCfg = Release|Any CPU
		{26F47E74-DB28-45E9-B6C2-793A2152F80F}.Release|Any CPU.Build.0 = Release|Any CPU
		{26F47E74-DB28-45E9-B6C2-793A2152F80F}.Release|x64.ActiveCfg = Release|Any CPU
		{26F47E74-DB28-45E9-B6C2-793A2152F80F}.Release|x64.Build.0 = Release|Any CPU
		{26F47E74-DB28-45E9-B6C2-793A2152F80F}.Release|x86.ActiveCfg = Release|Any CPU
		{26F47E74-DB28-45E9-B6C2-793A2152F80F}.Release|x86.Build.0 = Release|Any CPU
		{B8FC8758-B87F-463F-9C8F-5703BAD9EC62}.Debug|Any CPU.ActiveCfg = Debug|Any CPU
		{B8FC8758-B87F-463F-9C8F-5703BAD9EC62}.Debug|Any CPU.Build.0 = Debug|Any CPU
		{B8FC8758-B87F-463F-9C8F-5703BAD9EC62}.Debug|x64.ActiveCfg = Debug|Any CPU
		{B8FC8758-B87F-463F-9C8F-5703BAD9EC62}.Debug|x64.Build.0 = Debug|Any CPU
		{B8FC8758-B87F-463F-9C8F-5703BAD9EC62}.Debug|x86.ActiveCfg = Debug|Any CPU
		{B8FC8758-B87F-463F-9C8F-5703BAD9EC62}.Debug|x86.Build.0 = Debug|Any CPU
		{B8FC8758-B87F-463F-9C8F-5703BAD9EC62}.Release|Any CPU.ActiveCfg = Release|Any CPU
		{B8FC8758-B87F-463F-9C8F-5703BAD9EC62}.Release|Any CPU.Build.0 = Release|Any CPU
		{B8FC8758-B87F-463F-9C8F-5703BAD9EC62}.Release|x64.ActiveCfg = Release|Any CPU
		{B8FC8758-B87F-463F-9C8F-5703BAD9EC62}.Release|x64.Build.0 = Release|Any CPU
		{B8FC8758-B87F-463F-9C8F-5703BAD9EC62}.Release|x86.ActiveCfg = Release|Any CPU
		{B8FC8758-B87F-463F-9C8F-5703BAD9EC62}.Release|x86.Build.0 = Release|Any CPU
		{7AD7A654-1BD3-4D44-A890-77BBF2E70FE2}.Debug|Any CPU.ActiveCfg = Debug|Any CPU
		{7AD7A654-1BD3-4D44-A890-77BBF2E70FE2}.Debug|Any CPU.Build.0 = Debug|Any CPU
		{7AD7A654-1BD3-4D44-A890-77BBF2E70FE2}.Debug|x64.ActiveCfg = Debug|Any CPU
		{7AD7A654-1BD3-4D44-A890-77BBF2E70FE2}.Debug|x64.Build.0 = Debug|Any CPU
		{7AD7A654-1BD3-4D44-A890-77BBF2E70FE2}.Debug|x86.ActiveCfg = Debug|Any CPU
		{7AD7A654-1BD3-4D44-A890-77BBF2E70FE2}.Debug|x86.Build.0 = Debug|Any CPU
		{7AD7A654-1BD3-4D44-A890-77BBF2E70FE2}.Release|Any CPU.ActiveCfg = Release|Any CPU
		{7AD7A654-1BD3-4D44-A890-77BBF2E70FE2}.Release|Any CPU.Build.0 = Release|Any CPU
		{7AD7A654-1BD3-4D44-A890-77BBF2E70FE2}.Release|x64.ActiveCfg = Release|Any CPU
		{7AD7A654-1BD3-4D44-A890-77BBF2E70FE2}.Release|x64.Build.0 = Release|Any CPU
		{7AD7A654-1BD3-4D44-A890-77BBF2E70FE2}.Release|x86.ActiveCfg = Release|Any CPU
		{7AD7A654-1BD3-4D44-A890-77BBF2E70FE2}.Release|x86.Build.0 = Release|Any CPU
		{DCBE0FFB-C45B-41CD-8387-8109C5707E4C}.Debug|Any CPU.ActiveCfg = Debug|Any CPU
		{DCBE0FFB-C45B-41CD-8387-8109C5707E4C}.Debug|Any CPU.Build.0 = Debug|Any CPU
		{DCBE0FFB-C45B-41CD-8387-8109C5707E4C}.Debug|x64.ActiveCfg = Debug|Any CPU
		{DCBE0FFB-C45B-41CD-8387-8109C5707E4C}.Debug|x64.Build.0 = Debug|Any CPU
		{DCBE0FFB-C45B-41CD-8387-8109C5707E4C}.Debug|x86.ActiveCfg = Debug|Any CPU
		{DCBE0FFB-C45B-41CD-8387-8109C5707E4C}.Debug|x86.Build.0 = Debug|Any CPU
		{DCBE0FFB-C45B-41CD-8387-8109C5707E4C}.Release|Any CPU.ActiveCfg = Release|Any CPU
		{DCBE0FFB-C45B-41CD-8387-8109C5707E4C}.Release|Any CPU.Build.0 = Release|Any CPU
		{DCBE0FFB-C45B-41CD-8387-8109C5707E4C}.Release|x64.ActiveCfg = Release|Any CPU
		{DCBE0FFB-C45B-41CD-8387-8109C5707E4C}.Release|x64.Build.0 = Release|Any CPU
		{DCBE0FFB-C45B-41CD-8387-8109C5707E4C}.Release|x86.ActiveCfg = Release|Any CPU
		{DCBE0FFB-C45B-41CD-8387-8109C5707E4C}.Release|x86.Build.0 = Release|Any CPU
	EndGlobalSection
	GlobalSection(SolutionProperties) = preSolution
		HideSolutionNode = FALSE
	EndGlobalSection
	GlobalSection(NestedProjects) = preSolution
		{BC255A87-A78E-48DF-964E-228163E5BB43} = {C16B2082-E6A6-C480-36D0-FC08AA18D453}
		{526C9A97-A399-428D-A99F-75E9677C3B8B} = {C16B2082-E6A6-C480-36D0-FC08AA18D453}
		{9EDDEBCB-DA39-4D78-AE3B-8F781F9607E0} = {C16B2082-E6A6-C480-36D0-FC08AA18D453}
		{2ABFD99F-61B4-4B69-9DFB-D84847C823EE} = {C16B2082-E6A6-C480-36D0-FC08AA18D453}
		{5E30FA1D-E017-4D26-8530-B7A5040E7A29} = {C16B2082-E6A6-C480-36D0-FC08AA18D453}
		{26F47E74-DB28-45E9-B6C2-793A2152F80F} = {A10A91C2-6485-6656-963B-F6FCBC812542}
		{B8FC8758-B87F-463F-9C8F-5703BAD9EC62} = {A10A91C2-6485-6656-963B-F6FCBC812542}
		{7AD7A654-1BD3-4D44-A890-77BBF2E70FE2} = {A10A91C2-6485-6656-963B-F6FCBC812542}
		{DCBE0FFB-C45B-41CD-8387-8109C5707E4C} = {A10A91C2-6485-6656-963B-F6FCBC812542}
	EndGlobalSection
EndGlobal
